
Microsoft Visual Studio Solution File, Format Version 12.00
# Visual Studio Version 17
VisualStudioVersion = 17.11.35312.102
MinimumVisualStudioVersion = 10.0.40219.1
Project("{9A19103F-16F7-4668-BE54-9A1E7A4F7556}") = "GameZone", "GameZone\GameZone.csproj", "{EB46DD9B-0E3B-469C-86C9-F45EF02D3B86}"
EndProject
Project("{2150E333-8FDC-42A3-9474-1A3956D46DE8}") = "Solution Items", "Solution Items", "{64A9A563-8E66-4A0F-B26E-194A0CFDA85D}"
	ProjectSection(SolutionItems) = preProject
		.editorconfig = .editorconfig
	EndProjectSection
EndProject
Global
	GlobalSection(SolutionConfigurationPlatforms) = preSolution
		Debug|Any CPU = Debug|Any CPU
		Release|Any CPU = Release|Any CPU
	EndGlobalSection
	GlobalSection(ProjectConfigurationPlatforms) = postSolution
		{EB46DD9B-0E3B-469C-86C9-F45EF02D3B86}.Debug|Any CPU.ActiveCfg = Debug|Any CPU
		{EB46DD9B-0E3B-469C-86C9-F45EF02D3B86}.Debug|Any CPU.Build.0 = Debug|Any CPU
		{EB46DD9B-0E3B-469C-86C9-F45EF02D3B86}.Release|Any CPU.ActiveCfg = Release|Any CPU
		{EB46DD9B-0E3B-469C-86C9-F45EF02D3B86}.Release|Any CPU.Build.0 = Release|Any CPU
	EndGlobalSection
	GlobalSection(SolutionProperties) = preSolution
		HideSolutionNode = FALSE
	EndGlobalSection
	GlobalSection(ExtensibilityGlobals) = postSolution
		SolutionGuid = {D20398B4-1437-43BA-92DC-570D411ACB93}
	EndGlobalSection
EndGlobal
